PODS:
  - Realm (10.0.0-beta.3):
    - Realm/Headers (= 10.0.0-beta.3)
  - Realm/Headers (10.0.0-beta.3)
  - RealmSwift (10.0.0-beta.3):
    - Realm (= 10.0.0-beta.3)
  - SwiftLint (0.39.2)

DEPENDENCIES:
  - RealmSwift (= 10.0.0-beta.3)
  - SwiftLint

SPEC REPOS:
  trunk:
    - Realm
    - RealmSwift
    - SwiftLint

SPEC CHECKSUMS:
  Realm: f563a59a1016ce551fd87e39df79d393bd06e56d
  RealmSwift: 4b79ee6f9b67bf71b8122370e2614892912f7172
  SwiftLint: 22ccbbe3b8008684be5955693bab135e0ed6a447

PODFILE CHECKSUM: 6b596eacc83719a9cb67b0065800238f8413879a

COCOAPODS: 1.9.3
